
Microsoft Visual Studio Solution File, Format Version 12.00
# Visual Studio Express 14 for Windows Desktop
VisualStudioVersion = 14.0.23107.0
MinimumVisualStudioVersion = 10.0.40219.1
Project("{8BC9CEB8-8B4A-11D0-8D11-00A0C91BC942}") = "Figure", "Figure\Figure.vcxproj", "{3FE5B57A-FB87-41D8-8DF5-B1C39000B69C}"
EndProject
Project("{8BC9CEB8-8B4A-11D0-8D11-00A0C91BC942}") = "GoogleTest", "GoogleTest\GoogleTest.vcxproj", "{F5655E72-6D34-4828-9A25-F0409E4F01D9}"
EndProject
Project("{8BC9CEB8-8B4A-11D0-8D11-00A0C91BC942}") = "unittest_Figure", "unittest_Figure\unittest_Figure.vcxproj", "{5F7AFF92-2176-4542-B4D4-332BFA026CD8}"
EndProject
Global
	GlobalSection(SolutionConfigurationPlatforms) = preSolution
		Debug|x64 = Debug|x64
		Debug|x86 = Debug|x86
		Release|x64 = Release|x64
		Release|x86 = Release|x86
	EndGlobalSection
	GlobalSection(ProjectConfigurationPlatforms) = postSolution
		{3FE5B57A-FB87-41D8-8DF5-B1C39000B69C}.Debug|x64.ActiveCfg = Debug|x64
		{3FE5B57A-FB87-41D8-8DF5-B1C39000B69C}.Debug|x64.Build.0 = Debug|x64
		{3FE5B57A-FB87-41D8-8DF5-B1C39000B69C}.Debug|x86.ActiveCfg = Debug|Win32
		{3FE5B57A-FB87-41D8-8DF5-B1C39000B69C}.Debug|x86.Build.0 = Debug|Win32
		{3FE5B57A-FB87-41D8-8DF5-B1C39000B69C}.Release|x64.ActiveCfg = Release|x64
		{3FE5B57A-FB87-41D8-8DF5-B1C39000B69C}.Release|x64.Build.0 = Release|x64
		{3FE5B57A-FB87-41D8-8DF5-B1C39000B69C}.Release|x86.ActiveCfg = Release|Win32
		{3FE5B57A-FB87-41D8-8DF5-B1C39000B69C}.Release|x86.Build.0 = Release|Win32
		{F5655E72-6D34-4828-9A25-F0409E4F01D9}.Debug|x64.ActiveCfg = Debug|x64
		{F5655E72-6D34-4828-9A25-F0409E4F01D9}.Debug|x64.Build.0 = Debug|x64
		{F5655E72-6D34-4828-9A25-F0409E4F01D9}.Debug|x86.ActiveCfg = Debug|Win32
		{F5655E72-6D34-4828-9A25-F0409E4F01D9}.Debug|x86.Build.0 = Debug|Win32
		{F5655E72-6D34-4828-9A25-F0409E4F01D9}.Release|x64.ActiveCfg = Release|x64
		{F5655E72-6D34-4828-9A25-F0409E4F01D9}.Release|x64.Build.0 = Release|x64
		{F5655E72-6D34-4828-9A25-F0409E4F01D9}.Release|x86.ActiveCfg = Release|Win32
		{F5655E72-6D34-4828-9A25-F0409E4F01D9}.Release|x86.Build.0 = Release|Win32
		{5F7AFF92-2176-4542-B4D4-332BFA026CD8}.Debug|x64.ActiveCfg = Debug|x64
		{5F7AFF92-2176-4542-B4D4-332BFA026CD8}.Debug|x64.Build.0 = Debug|x64
		{5F7AFF92-2176-4542-B4D4-332BFA026CD8}.Debug|x86.ActiveCfg = Debug|Win32
		{5F7AFF92-2176-4542-B4D4-332BFA026CD8}.Debug|x86.Build.0 = Debug|Win32
		{5F7AFF92-2176-4542-B4D4-332BFA026CD8}.Release|x64.ActiveCfg = Release|x64
		{5F7AFF92-2176-4542-B4D4-332BFA026CD8}.Release|x64.Build.0 = Release|x64
		{5F7AFF92-2176-4542-B4D4-332BFA026CD8}.Release|x86.ActiveCfg = Release|Win32
		{5F7AFF92-2176-4542-B4D4-332BFA026CD8}.Release|x86.Build.0 = Release|Win32
	EndGlobalSection
	GlobalSection(SolutionProperties) = preSolution
		HideSolutionNode = FALSE
	EndGlobalSection
EndGlobal
