<?xml version="1.0" encoding="utf-8"?>
<Project ToolsVersion="4.0" xmlns="http://schemas.microsoft.com/developer/msbuild/2003">
  <ItemGroup>
    <Filter Include="Исходные файлы">
      <UniqueIdentifier>{4FC737F1-C7A5-4376-A066-2A32D752A2FF}</UniqueIdentifier>
      <Extensions>cpp;c;cc;cxx;def;odl;idl;hpj;bat;asm;asmx</Extensions>
    </Filter>
    <Filter Include="Файлы заголовков">
      <UniqueIdentifier>{93995380-89BD-4b04-88EB-625FBE52EBFB}</UniqueIdentifier>
      <Extensions>h;hh;hpp;hxx;hm;inl;inc;ipp;xsd</Extensions>
    </Filter>
    <Filter Include="Файлы ресурсов">
      <UniqueIdentifier>{67DA6AB6-F800-4c08-8B7A-83BB121AAD01}</UniqueIdentifier>
      <Extensions>rc;ico;cur;bmp;dlg;rc2;rct;bin;rgs;gif;jpg;jpeg;jpe;resx;tiff;tif;png;wav;mfcribbon-ms</Extensions>
    </Filter>
    <Filter Include="Исходные файлы\Units">
      <UniqueIdentifier>{dfffb156-992f-4b9f-8827-4d4632ce6797}</UniqueIdentifier>
    </Filter>
    <Filter Include="Файлы заголовков\Units">
      <UniqueIdentifier>{8bab52bd-916c-42c7-8954-241cb590d752}</UniqueIdentifier>
    </Filter>
    <Filter Include="Исходные файлы\Fabrics">
      <UniqueIdentifier>{19096774-8a83-4fb7-96bb-8392db7a55cc}</UniqueIdentifier>
    </Filter>
    <Filter Include="Файлы заголовков\Fabrics">
      <UniqueIdentifier>{778fc943-6568-4bf8-8691-31e37fe84db5}</UniqueIdentifier>
    </Filter>
    <Filter Include="Исходные файлы\Weapon">
      <UniqueIdentifier>{a2a22708-b230-4a7f-85c4-7b2936e818f1}</UniqueIdentifier>
    </Filter>
    <Filter Include="Файлы заголовков\Weapon">
      <UniqueIdentifier>{498638d7-b878-421a-82ab-66df82a938b4}</UniqueIdentifier>
    </Filter>
    <Filter Include="Исходные файлы\Armor">
      <UniqueIdentifier>{b482181a-ee32-42b9-84b6-00f171159b87}</UniqueIdentifier>
    </Filter>
    <Filter Include="Файлы заголовков\Armor">
      <UniqueIdentifier>{b18946e1-02a6-4a1b-bd2c-7e682b39d578}</UniqueIdentifier>
    </Filter>
    <Filter Include="Исходные файлы\Field">
      <UniqueIdentifier>{0c0ca192-8673-4dea-a8cc-fafc7e24739e}</UniqueIdentifier>
    </Filter>
    <Filter Include="Файлы заголовков\Field">
      <UniqueIdentifier>{9a557cb2-c491-48be-b23b-e2026d95822c}</UniqueIdentifier>
    </Filter>
    <Filter Include="Исходные файлы\Land">
      <UniqueIdentifier>{825b9349-e59d-4d13-9054-5fbf8072735c}</UniqueIdentifier>
    </Filter>
    <Filter Include="Файлы заголовков\Land">
      <UniqueIdentifier>{a23f5f6d-f090-43f1-a473-039bf6c8ba46}</UniqueIdentifier>
    </Filter>
    <Filter Include="Исходные файлы\AttackBehavior">
      <UniqueIdentifier>{4a009b9e-f259-431e-80c3-7234a3050ab9}</UniqueIdentifier>
    </Filter>
    <Filter Include="Файлы заголовков\AttackBehavior">
      <UniqueIdentifier>{c7cc877a-64be-4bf8-b85f-7d50c7336afe}</UniqueIdentifier>
    </Filter>
    <Filter Include="Файлы заголовков\Tower">
      <UniqueIdentifier>{318c3dc1-5615-48c1-b653-9f9f99f8d51d}</UniqueIdentifier>
    </Filter>
    <Filter Include="Исходные файлы\Tower">
      <UniqueIdentifier>{e21ede31-4086-4389-8958-56f3042d2f04}</UniqueIdentifier>
    </Filter>
    <Filter Include="Исходные файлы\MoveBehavior">
      <UniqueIdentifier>{a87bdbb1-3874-42cb-8083-e4a1305b26c2}</UniqueIdentifier>
    </Filter>
    <Filter Include="Файлы заголовков\MoveBehavior">
      <UniqueIdentifier>{a81cd0f5-8405-40bb-a698-8b1d014bffe9}</UniqueIdentifier>
    </Filter>
    <Filter Include="Файлы заголовков\Neutral">
      <UniqueIdentifier>{c6a79127-abd0-4624-89e3-13b3eae50a5d}</UniqueIdentifier>
    </Filter>
    <Filter Include="Файлы заголовков\AffectBehavior">
      <UniqueIdentifier>{eec998a6-a9ed-4080-aee3-358038a49126}</UniqueIdentifier>
    </Filter>
    <Filter Include="Файлы заголовков\Observer">
      <UniqueIdentifier>{d4f9436c-acff-49b7-bffe-e2a5fafdda69}</UniqueIdentifier>
    </Filter>
    <Filter Include="Исходные файлы\NeutralObject">
      <UniqueIdentifier>{7f529661-552d-4a46-a533-00ced19406ee}</UniqueIdentifier>
    </Filter>
    <Filter Include="Исходные файлы\AffectBehavior">
      <UniqueIdentifier>{4e1c8a72-b5dd-47db-a6c2-9f1496f5b8a7}</UniqueIdentifier>
    </Filter>
    <Filter Include="Исходные файлы\Observer">
      <UniqueIdentifier>{ae5aa1df-c3a0-4bfb-8e33-059f2acca20b}</UniqueIdentifier>
    </Filter>
    <Filter Include="Файлы заголовков\Control">
      <UniqueIdentifier>{1147669e-981b-4b2c-8bcd-1f95de63273e}</UniqueIdentifier>
    </Filter>
    <Filter Include="Исходные файлы\Control">
      <UniqueIdentifier>{207f0fde-4fec-4be5-b7a0-ab42c368a282}</UniqueIdentifier>
    </Filter>
    <Filter Include="Исходные файлы\Handlers">
      <UniqueIdentifier>{502c13ca-8025-4835-b375-5cb1346d789c}</UniqueIdentifier>
    </Filter>
    <Filter Include="Файлы заголовков\Handlers">
      <UniqueIdentifier>{d7b01c5b-36aa-4e6e-be60-1e8e664042d6}</UniqueIdentifier>
    </Filter>
    <Filter Include="Файлы заголовков\Request">
      <UniqueIdentifier>{fe330ff6-ae9c-4742-af84-a226ddd20f72}</UniqueIdentifier>
    </Filter>
    <Filter Include="Исходные файлы\Commands">
      <UniqueIdentifier>{34811b74-ad2d-4617-8881-89c95021ad47}</UniqueIdentifier>
    </Filter>
    <Filter Include="Файлы заголовков\Commands">
      <UniqueIdentifier>{4345f9f7-c613-4fad-9a92-8266c8c8ac84}</UniqueIdentifier>
    </Filter>
    <Filter Include="Исходные файлы\Loger">
      <UniqueIdentifier>{4a373b44-50ef-48e4-a6b7-0c9801276e8e}</UniqueIdentifier>
    </Filter>
    <Filter Include="Файлы заголовков\Loger">
      <UniqueIdentifier>{a0ce35b9-334f-4c7b-bb81-b5ae9aeb785c}</UniqueIdentifier>
    </Filter>
    <Filter Include="Исходные файлы\Messages">
      <UniqueIdentifier>{94b3637c-8062-48c9-afc6-05a2210992b6}</UniqueIdentifier>
    </Filter>
    <Filter Include="Файлы заголовков\Messages">
      <UniqueIdentifier>{f2f67211-6da1-4570-af58-823b45fbe3be}</UniqueIdentifier>
    </Filter>
    <Filter Include="Исходные файлы\Save">
      <UniqueIdentifier>{872fdb39-08cc-4d38-a760-017175ea01c7}</UniqueIdentifier>
    </Filter>
    <Filter Include="Файлы заголовков\Save">
      <UniqueIdentifier>{33e782a3-44f9-433d-a846-a4d7c9f4dd68}</UniqueIdentifier>
    </Filter>
  </ItemGroup>
  <ItemGroup>
    <ClCompile Include="main.cpp">
      <Filter>Исходные файлы</Filter>
    </ClCompile>
    <ClCompile Include="Demo.cpp">
      <Filter>Исходные файлы</Filter>
    </ClCompile>
    <ClCompile Include="Unit.cpp">
      <Filter>Исходные файлы\Units</Filter>
    </ClCompile>
    <ClCompile Include="BitingZomby.cpp">
      <Filter>Исходные файлы\Units</Filter>
    </ClCompile>
    <ClCompile Include="UnitInterface.cpp">
      <Filter>Исходные файлы\Units</Filter>
    </ClCompile>
    <ClCompile Include="ZombyUnit.cpp">
      <Filter>Исходные файлы\Units</Filter>
    </ClCompile>
    <ClCompile Include="StrongZomby.cpp">
      <Filter>Исходные файлы\Units</Filter>
    </ClCompile>
    <ClCompile Include="StinkyZomby.cpp">
      <Filter>Исходные файлы\Units</Filter>
    </ClCompile>
    <ClCompile Include="SpitZomby.cpp">
      <Filter>Исходные файлы\Units</Filter>
    </ClCompile>
    <ClCompile Include="SpitToEnemyZomby.cpp">
      <Filter>Исходные файлы\Units</Filter>
    </ClCompile>
    <ClCompile Include="SpitToAreaZomby.cpp">
      <Filter>Исходные файлы\Units</Filter>
    </ClCompile>
    <ClCompile Include="RangeHuman.cpp">
      <Filter>Исходные файлы\Units</Filter>
    </ClCompile>
    <ClCompile Include="MeleeHuman.cpp">
      <Filter>Исходные файлы\Units</Filter>
    </ClCompile>
    <ClCompile Include="KamikadzeZomby.cpp">
      <Filter>Исходные файлы\Units</Filter>
    </ClCompile>
    <ClCompile Include="HumanWithSword.cpp">
      <Filter>Исходные файлы\Units</Filter>
    </ClCompile>
    <ClCompile Include="HumanWithGun.cpp">
      <Filter>Исходные файлы\Units</Filter>
    </ClCompile>
    <ClCompile Include="HumanWithGrenade.cpp">
      <Filter>Исходные файлы\Units</Filter>
    </ClCompile>
    <ClCompile Include="HumanWithBat.cpp">
      <Filter>Исходные файлы\Units</Filter>
    </ClCompile>
    <ClCompile Include="HumanOnMachine.cpp">
      <Filter>Исходные файлы\Units</Filter>
    </ClCompile>
    <ClCompile Include="HumanOnCar.cpp">
      <Filter>Исходные файлы\Units</Filter>
    </ClCompile>
    <ClCompile Include="HumanOnBike.cpp">
      <Filter>Исходные файлы\Units</Filter>
    </ClCompile>
    <ClCompile Include="Human.cpp">
      <Filter>Исходные файлы\Units</Filter>
    </ClCompile>
    <ClCompile Include="FatZomby.cpp">
      <Filter>Исходные файлы\Units</Filter>
    </ClCompile>
    <ClCompile Include="CommonZomby.cpp">
      <Filter>Исходные файлы\Units</Filter>
    </ClCompile>
    <ClCompile Include="StrongZombyFactory.cpp">
      <Filter>Исходные файлы\Fabrics</Filter>
    </ClCompile>
    <ClCompile Include="StinkyZombyFactory.cpp">
      <Filter>Исходные файлы\Fabrics</Filter>
    </ClCompile>
    <ClCompile Include="SpitToEnemyZombyFactory.cpp">
      <Filter>Исходные файлы\Fabrics</Filter>
    </ClCompile>
    <ClCompile Include="SpitToAreaZombyFactory.cpp">
      <Filter>Исходные файлы\Fabrics</Filter>
    </ClCompile>
    <ClCompile Include="KamikadzeZombyFactory.cpp">
      <Filter>Исходные файлы\Fabrics</Filter>
    </ClCompile>
    <ClCompile Include="HumanWithSwordFactory.cpp">
      <Filter>Исходные файлы\Fabrics</Filter>
    </ClCompile>
    <ClCompile Include="HumanWithGunFactory.cpp">
      <Filter>Исходные файлы\Fabrics</Filter>
    </ClCompile>
    <ClCompile Include="HumanWithGrenadeFactory.cpp">
      <Filter>Исходные файлы\Fabrics</Filter>
    </ClCompile>
    <ClCompile Include="HumanWithBatFactory.cpp">
      <Filter>Исходные файлы\Fabrics</Filter>
    </ClCompile>
    <ClCompile Include="HumanOnBikeFactory.cpp">
      <Filter>Исходные файлы\Fabrics</Filter>
    </ClCompile>
    <ClCompile Include="BitingZombyFactory.cpp">
      <Filter>Исходные файлы\Fabrics</Filter>
    </ClCompile>
    <ClCompile Include="HumanOnCarFactory.cpp">
      <Filter>Исходные файлы\Fabrics</Filter>
    </ClCompile>
    <ClCompile Include="UnitFactory.cpp">
      <Filter>Исходные файлы\Fabrics</Filter>
    </ClCompile>
    <ClCompile Include="Bat.cpp">
      <Filter>Исходные файлы\Weapon</Filter>
    </ClCompile>
    <ClCompile Include="Sword.cpp">
      <Filter>Исходные файлы\Weapon</Filter>
    </ClCompile>
    <ClCompile Include="Weapon.cpp">
      <Filter>Исходные файлы\Weapon</Filter>
    </ClCompile>
    <ClCompile Include="StrongArm.cpp">
      <Filter>Исходные файлы\Weapon</Filter>
    </ClCompile>
    <ClCompile Include="StinkingBody.cpp">
      <Filter>Исходные файлы\Weapon</Filter>
    </ClCompile>
    <ClCompile Include="SpittingToEnemyHead.cpp">
      <Filter>Исходные файлы\Weapon</Filter>
    </ClCompile>
    <ClCompile Include="SpittingToAreaHead.cpp">
      <Filter>Исходные файлы\Weapon</Filter>
    </ClCompile>
    <ClCompile Include="Pistol.cpp">
      <Filter>Исходные файлы\Weapon</Filter>
    </ClCompile>
    <ClCompile Include="NoWeapon.cpp">
      <Filter>Исходные файлы\Weapon</Filter>
    </ClCompile>
    <ClCompile Include="BitingHead.cpp">
      <Filter>Исходные файлы\Weapon</Filter>
    </ClCompile>
    <ClCompile Include="Armor.cpp">
      <Filter>Исходные файлы\Armor</Filter>
    </ClCompile>
    <ClCompile Include="LiteArmor.cpp">
      <Filter>Исходные файлы\Armor</Filter>
    </ClCompile>
    <ClCompile Include="NoArmor.cpp">
      <Filter>Исходные файлы\Armor</Filter>
    </ClCompile>
    <ClCompile Include="MediumArmor.cpp">
      <Filter>Исходные файлы\Armor</Filter>
    </ClCompile>
    <ClCompile Include="Field.cpp">
      <Filter>Исходные файлы\Field</Filter>
    </ClCompile>
    <ClCompile Include="FieldCell.cpp">
      <Filter>Исходные файлы\Field</Filter>
    </ClCompile>
    <ClCompile Include="Land.cpp">
      <Filter>Исходные файлы\Land</Filter>
    </ClCompile>
    <ClCompile Include="HillLand.cpp">
      <Filter>Исходные файлы\Land</Filter>
    </ClCompile>
    <ClCompile Include="ProxyLand.cpp">
      <Filter>Исходные файлы\Land</Filter>
    </ClCompile>
    <ClCompile Include="GrassLand.cpp">
      <Filter>Исходные файлы\Land</Filter>
    </ClCompile>
    <ClCompile Include="CommonLand.cpp">
      <Filter>Исходные файлы\Land</Filter>
    </ClCompile>
    <ClCompile Include="AttackBehavior.cpp">
      <Filter>Исходные файлы\AttackBehavior</Filter>
    </ClCompile>
    <ClCompile Include="AttackWithBat.cpp">
      <Filter>Исходные файлы\AttackBehavior</Filter>
    </ClCompile>
    <ClCompile Include="BikeAttack.cpp">
      <Filter>Исходные файлы\AttackBehavior</Filter>
    </ClCompile>
    <ClCompile Include="CarAttack.cpp">
      <Filter>Исходные файлы\AttackBehavior</Filter>
    </ClCompile>
    <ClCompile Include="BlowingUpAttackBehavior.cpp">
      <Filter>Исходные файлы\AttackBehavior</Filter>
    </ClCompile>
    <ClCompile Include="GrenadeAttack.cpp">
      <Filter>Исходные файлы\AttackBehavior</Filter>
    </ClCompile>
    <ClCompile Include="GunAttack.cpp">
      <Filter>Исходные файлы\AttackBehavior</Filter>
    </ClCompile>
    <ClCompile Include="SwordAttack.cpp">
      <Filter>Исходные файлы\AttackBehavior</Filter>
    </ClCompile>
    <ClCompile Include="StrongNearAttack.cpp">
      <Filter>Исходные файлы\AttackBehavior</Filter>
    </ClCompile>
    <ClCompile Include="StinkyAttack.cpp">
      <Filter>Исходные файлы\AttackBehavior</Filter>
    </ClCompile>
    <ClCompile Include="SpitToEnemyAttack.cpp">
      <Filter>Исходные файлы\AttackBehavior</Filter>
    </ClCompile>
    <ClCompile Include="SpitToAreaAttack.cpp">
      <Filter>Исходные файлы\AttackBehavior</Filter>
    </ClCompile>
    <ClCompile Include="Grenade.cpp">
      <Filter>Исходные файлы\Weapon</Filter>
    </ClCompile>
    <ClCompile Include="Tower.cpp">
      <Filter>Исходные файлы\Tower</Filter>
    </ClCompile>
    <ClCompile Include="BikeMove.cpp">
      <Filter>Исходные файлы\MoveBehavior</Filter>
    </ClCompile>
    <ClCompile Include="CarMove.cpp">
      <Filter>Исходные файлы\MoveBehavior</Filter>
    </ClCompile>
    <ClCompile Include="MoveBehavior.cpp">
      <Filter>Исходные файлы\MoveBehavior</Filter>
    </ClCompile>
    <ClCompile Include="CommonHumanMove.cpp">
      <Filter>Исходные файлы\MoveBehavior</Filter>
    </ClCompile>
    <ClCompile Include="CommonMove.cpp">
      <Filter>Исходные файлы\MoveBehavior</Filter>
    </ClCompile>
    <ClCompile Include="FatZombyMoveBehavior.cpp">
      <Filter>Исходные файлы\MoveBehavior</Filter>
    </ClCompile>
    <ClCompile Include="HeavyArmor.cpp">
      <Filter>Исходные файлы\Armor</Filter>
    </ClCompile>
    <ClCompile Include="ArmorObject.cpp">
      <Filter>Исходные файлы\NeutralObject</Filter>
    </ClCompile>
    <ClCompile Include="SmallMedicine.cpp">
      <Filter>Исходные файлы\NeutralObject</Filter>
    </ClCompile>
    <ClCompile Include="SmallArmorObject.cpp">
      <Filter>Исходные файлы\NeutralObject</Filter>
    </ClCompile>
    <ClCompile Include="NeutralObjectInterface.cpp">
      <Filter>Исходные файлы\NeutralObject</Filter>
    </ClCompile>
    <ClCompile Include="NeutralObject.cpp">
      <Filter>Исходные файлы\NeutralObject</Filter>
    </ClCompile>
    <ClCompile Include="MedicineObject.cpp">
      <Filter>Исходные файлы\NeutralObject</Filter>
    </ClCompile>
    <ClCompile Include="LargeMedicine.cpp">
      <Filter>Исходные файлы\NeutralObject</Filter>
    </ClCompile>
    <ClCompile Include="LargeArmorObject.cpp">
      <Filter>Исходные файлы\NeutralObject</Filter>
    </ClCompile>
    <ClCompile Include="LandInterface.cpp">
      <Filter>Исходные файлы\Land</Filter>
    </ClCompile>
    <ClCompile Include="AffectBehavior.cpp">
      <Filter>Исходные файлы\AffectBehavior</Filter>
    </ClCompile>
    <ClCompile Include="LargeArmorAffectBehavior.cpp">
      <Filter>Исходные файлы\AffectBehavior</Filter>
    </ClCompile>
    <ClCompile Include="LargeMedicineAffectBehavior.cpp">
      <Filter>Исходные файлы\AffectBehavior</Filter>
    </ClCompile>
    <ClCompile Include="SmallArmorAffectBehavior.cpp">
      <Filter>Исходные файлы\AffectBehavior</Filter>
    </ClCompile>
    <ClCompile Include="SmallMedicineAffectBehavior.cpp">
      <Filter>Исходные файлы\AffectBehavior</Filter>
    </ClCompile>
    <ClCompile Include="SmallMedicineBehavior.cpp">
      <Filter>Исходные файлы\AffectBehavior</Filter>
    </ClCompile>
    <ClCompile Include="ObserverInterface.cpp">
      <Filter>Исходные файлы\Observer</Filter>
    </ClCompile>
    <ClCompile Include="SubjectInterface.cpp">
      <Filter>Исходные файлы\Observer</Filter>
    </ClCompile>
    <ClCompile Include="Facade.cpp">
      <Filter>Исходные файлы\Control</Filter>
    </ClCompile>
    <ClCompile Include="Mediator.cpp">
      <Filter>Исходные файлы\Control</Filter>
    </ClCompile>
    <ClCompile Include="Handler.cpp">
      <Filter>Исходные файлы\Handlers</Filter>
    </ClCompile>
    <ClCompile Include="UnitExistenceHandler.cpp">
      <Filter>Исходные файлы\Handlers</Filter>
    </ClCompile>
    <ClCompile Include="TowerExistenceHandler.cpp">
      <Filter>Исходные файлы\Handlers</Filter>
    </ClCompile>
    <ClCompile Include="freeCellForTowerHandler.cpp">
      <Filter>Исходные файлы\Handlers</Filter>
    </ClCompile>
    <ClCompile Include="TowerPosibilityHandler.cpp">
      <Filter>Исходные файлы\Handlers</Filter>
    </ClCompile>
    <ClCompile Include="FreeCellForUnitHandler.cpp">
      <Filter>Исходные файлы\Handlers</Filter>
    </ClCompile>
    <ClCompile Include="FinalAttackHandler.cpp">
      <Filter>Исходные файлы\Handlers</Filter>
    </ClCompile>
    <ClCompile Include="FinalMoveHandler.cpp">
      <Filter>Исходные файлы\Handlers</Filter>
    </ClCompile>
    <ClCompile Include="FinalCreateUnitHandler.cpp">
      <Filter>Исходные файлы\Handlers</Filter>
    </ClCompile>
    <ClCompile Include="FinalSetTowerHandler.cpp">
      <Filter>Исходные файлы\Handlers</Filter>
    </ClCompile>
    <ClCompile Include="Command.cpp">
      <Filter>Исходные файлы\Commands</Filter>
    </ClCompile>
    <ClCompile Include="MoveCommand.cpp">
      <Filter>Исходные файлы\Commands</Filter>
    </ClCompile>
    <ClCompile Include="AttackCommand.cpp">
      <Filter>Исходные файлы\Commands</Filter>
    </ClCompile>
    <ClCompile Include="CreateUnitCommand.cpp">
      <Filter>Исходные файлы\Commands</Filter>
    </ClCompile>
    <ClCompile Include="SetTowerCommand.cpp">
      <Filter>Исходные файлы\Commands</Filter>
    </ClCompile>
    <ClCompile Include="BlowingUpHead.cpp">
      <Filter>Исходные файлы\Weapon</Filter>
    </ClCompile>
    <ClCompile Include="Loger.cpp">
      <Filter>Исходные файлы\Loger</Filter>
    </ClCompile>
    <ClCompile Include="Message.cpp">
      <Filter>Исходные файлы\Messages</Filter>
    </ClCompile>
    <ClCompile Include="LogInterface.cpp">
      <Filter>Исходные файлы\Loger</Filter>
    </ClCompile>
    <ClCompile Include="LogerProxy.cpp">
      <Filter>Исходные файлы\Loger</Filter>
    </ClCompile>
    <ClCompile Include="ConsoleLoger.cpp">
      <Filter>Исходные файлы\Loger</Filter>
    </ClCompile>
    <ClCompile Include="FileLoger.cpp">
      <Filter>Исходные файлы\Loger</Filter>
    </ClCompile>
    <ClCompile Include="UserMoveMessage.cpp">
      <Filter>Исходные файлы\Messages</Filter>
    </ClCompile>
    <ClCompile Include="LogerAdapter.cpp">
      <Filter>Исходные файлы\Loger</Filter>
    </ClCompile>
    <ClCompile Include="UserAttackMessage.cpp">
      <Filter>Исходные файлы\Messages</Filter>
    </ClCompile>
    <ClCompile Include="UserCreateUnitMessage.cpp">
      <Filter>Исходные файлы\Messages</Filter>
    </ClCompile>
    <ClCompile Include="UserSetTowerMessage.cpp">
      <Filter>Исходные файлы\Messages</Filter>
    </ClCompile>
    <ClCompile Include="EndStepMessage.cpp">
      <Filter>Исходные файлы\Messages</Filter>
    </ClCompile>
    <ClCompile Include="HandlerNotExistMessage.cpp">
      <Filter>Исходные файлы\Messages</Filter>
    </ClCompile>
    <ClCompile Include="HandlerTowerNotExistMessage.cpp">
      <Filter>Исходные файлы\Messages</Filter>
    </ClCompile>
    <ClCompile Include="HandlerEngagedCellMessage.cpp">
      <Filter>Исходные файлы\Messages</Filter>
    </ClCompile>
    <ClCompile Include="HandlerTowerPossibilityMessage.cpp">
      <Filter>Исходные файлы\Messages</Filter>
    </ClCompile>
    <ClCompile Include="UnitCreateMessage.cpp">
      <Filter>Исходные файлы\Messages</Filter>
    </ClCompile>
    <ClCompile Include="TowerCreateMessage.cpp">
      <Filter>Исходные файлы\Messages</Filter>
    </ClCompile>
    <ClCompile Include="UnitMoveMessage.cpp">
      <Filter>Исходные файлы\Messages</Filter>
    </ClCompile>
    <ClCompile Include="UnitAttackMessage.cpp">
      <Filter>Исходные файлы\Messages</Filter>
    </ClCompile>
    <ClCompile Include="UnitGetDamageMessage.cpp">
      <Filter>Исходные файлы\Messages</Filter>
    </ClCompile>
    <ClCompile Include="UnitDeathMessage.cpp">
      <Filter>Исходные файлы\Messages</Filter>
    </ClCompile>
    <ClCompile Include="TowerDeathMessage.cpp">
      <Filter>Исходные файлы\Messages</Filter>
    </ClCompile>
    <ClCompile Include="TowerDamageMessage.cpp">
      <Filter>Исходные файлы\Messages</Filter>
    </ClCompile>
    <ClCompile Include="TowerStatusMessage.cpp">
      <Filter>Исходные файлы\Messages</Filter>
    </ClCompile>
    <ClCompile Include="UnitStatusMessage.cpp">
      <Filter>Исходные файлы\Messages</Filter>
    </ClCompile>
    <ClCompile Include="UnitSnapshot.cpp">
      <Filter>Исходные файлы\Save</Filter>
    </ClCompile>
    <ClCompile Include="TowerSnapshot.cpp">
      <Filter>Исходные файлы\Save</Filter>
    </ClCompile>
    <ClCompile Include="ObjectSnapshot.cpp">
      <Filter>Исходные файлы\Save</Filter>
    </ClCompile>
    <ClCompile Include="Saver.cpp">
      <Filter>Исходные файлы\Save</Filter>
    </ClCompile>
    <ClCompile Include="Loader.cpp">
      <Filter>Исходные файлы\Save</Filter>
    </ClCompile>
  </ItemGroup>
  <ItemGroup>
    <ClInclude Include="Demo.h">
      <Filter>Файлы заголовков</Filter>
    </ClInclude>
    <ClInclude Include="resource.h">
      <Filter>Файлы заголовков</Filter>
    </ClInclude>
    <ClInclude Include="BitingZomby.h">
      <Filter>Файлы заголовков\Units</Filter>
    </ClInclude>
    <ClInclude Include="CommonZomby.h">
      <Filter>Файлы заголовков\Units</Filter>
    </ClInclude>
    <ClInclude Include="FatZomby.h">
      <Filter>Файлы заголовков\Units</Filter>
    </ClInclude>
    <ClInclude Include="Human.h">
      <Filter>Файлы заголовков\Units</Filter>
    </ClInclude>
    <ClInclude Include="HumanOnBike.h">
      <Filter>Файлы заголовков\Units</Filter>
    </ClInclude>
    <ClInclude Include="HumanOnCar.h">
      <Filter>Файлы заголовков\Units</Filter>
    </ClInclude>
    <ClInclude Include="HumanOnMachine.h">
      <Filter>Файлы заголовков\Units</Filter>
    </ClInclude>
    <ClInclude Include="HumanWithBat.h">
      <Filter>Файлы заголовков\Units</Filter>
    </ClInclude>
    <ClInclude Include="HumanWithGun.h">
      <Filter>Файлы заголовков\Units</Filter>
    </ClInclude>
    <ClInclude Include="HumanWithSword.h">
      <Filter>Файлы заголовков\Units</Filter>
    </ClInclude>
    <ClInclude Include="KamikadzeZomby.h">
      <Filter>Файлы заголовков\Units</Filter>
    </ClInclude>
    <ClInclude Include="HumanWithGrenade.h">
      <Filter>Файлы заголовков\Units</Filter>
    </ClInclude>
    <ClInclude Include="MeleeHuman.h">
      <Filter>Файлы заголовков\Units</Filter>
    </ClInclude>
    <ClInclude Include="SpitToAreaZomby.h">
      <Filter>Файлы заголовков\Units</Filter>
    </ClInclude>
    <ClInclude Include="ZombyUnit.h">
      <Filter>Файлы заголовков\Units</Filter>
    </ClInclude>
    <ClInclude Include="Unit.h">
      <Filter>Файлы заголовков\Units</Filter>
    </ClInclude>
    <ClInclude Include="StrongZomby.h">
      <Filter>Файлы заголовков\Units</Filter>
    </ClInclude>
    <ClInclude Include="StinkyZomby.h">
      <Filter>Файлы заголовков\Units</Filter>
    </ClInclude>
    <ClInclude Include="SpitZomby.h">
      <Filter>Файлы заголовков\Units</Filter>
    </ClInclude>
    <ClInclude Include="SpitToEnemyZomby.h">
      <Filter>Файлы заголовков\Units</Filter>
    </ClInclude>
    <ClInclude Include="BitingZombyFactory.h">
      <Filter>Файлы заголовков\Fabrics</Filter>
    </ClInclude>
    <ClInclude Include="HumanOnBikeFactory.h">
      <Filter>Файлы заголовков\Fabrics</Filter>
    </ClInclude>
    <ClInclude Include="HumanOnCarFactory.h">
      <Filter>Файлы заголовков\Fabrics</Filter>
    </ClInclude>
    <ClInclude Include="HumanWithBatFactory.h">
      <Filter>Файлы заголовков\Fabrics</Filter>
    </ClInclude>
    <ClInclude Include="HumanWithGunFactory.h">
      <Filter>Файлы заголовков\Fabrics</Filter>
    </ClInclude>
    <ClInclude Include="HumanWithGrenadeFactory.h">
      <Filter>Файлы заголовков\Fabrics</Filter>
    </ClInclude>
    <ClInclude Include="HumanWithSwordFactory.h">
      <Filter>Файлы заголовков\Fabrics</Filter>
    </ClInclude>
    <ClInclude Include="KamikadzeZombyFactory.h">
      <Filter>Файлы заголовков\Fabrics</Filter>
    </ClInclude>
    <ClInclude Include="UnitFactory.h">
      <Filter>Файлы заголовков\Fabrics</Filter>
    </ClInclude>
    <ClInclude Include="StinkyZombyFactory.h">
      <Filter>Файлы заголовков\Fabrics</Filter>
    </ClInclude>
    <ClInclude Include="StrongZombyFactory.h">
      <Filter>Файлы заголовков\Fabrics</Filter>
    </ClInclude>
    <ClInclude Include="SpitToEnemyZombyFactory.h">
      <Filter>Файлы заголовков\Fabrics</Filter>
    </ClInclude>
    <ClInclude Include="SpitToAreaZombyFactory.h">
      <Filter>Файлы заголовков\Fabrics</Filter>
    </ClInclude>
    <ClInclude Include="Weapon.h">
      <Filter>Файлы заголовков\Weapon</Filter>
    </ClInclude>
    <ClInclude Include="Sword.h">
      <Filter>Файлы заголовков\Weapon</Filter>
    </ClInclude>
    <ClInclude Include="SpittingToEnemyHead.h">
      <Filter>Файлы заголовков\Weapon</Filter>
    </ClInclude>
    <ClInclude Include="SpittingToAreaHead.h">
      <Filter>Файлы заголовков\Weapon</Filter>
    </ClInclude>
    <ClInclude Include="StinkingBody.h">
      <Filter>Файлы заголовков\Weapon</Filter>
    </ClInclude>
    <ClInclude Include="StrongArm.h">
      <Filter>Файлы заголовков\Weapon</Filter>
    </ClInclude>
    <ClInclude Include="NoWeapon.h">
      <Filter>Файлы заголовков\Weapon</Filter>
    </ClInclude>
    <ClInclude Include="Grenade.h">
      <Filter>Файлы заголовков\Weapon</Filter>
    </ClInclude>
    <ClInclude Include="BitingHead.h">
      <Filter>Файлы заголовков\Weapon</Filter>
    </ClInclude>
    <ClInclude Include="Bat.h">
      <Filter>Файлы заголовков\Weapon</Filter>
    </ClInclude>
    <ClInclude Include="Armor.h">
      <Filter>Файлы заголовков\Armor</Filter>
    </ClInclude>
    <ClInclude Include="NoArmor.h">
      <Filter>Файлы заголовков\Armor</Filter>
    </ClInclude>
    <ClInclude Include="MediumArmor.h">
      <Filter>Файлы заголовков\Armor</Filter>
    </ClInclude>
    <ClInclude Include="LiteArmor.h">
      <Filter>Файлы заголовков\Armor</Filter>
    </ClInclude>
    <ClInclude Include="Field.h">
      <Filter>Файлы заголовков\Field</Filter>
    </ClInclude>
    <ClInclude Include="FieldCell.h">
      <Filter>Файлы заголовков\Field</Filter>
    </ClInclude>
    <ClInclude Include="HillLand.h">
      <Filter>Файлы заголовков\Land</Filter>
    </ClInclude>
    <ClInclude Include="Land.h">
      <Filter>Файлы заголовков\Land</Filter>
    </ClInclude>
    <ClInclude Include="GrassLand.h">
      <Filter>Файлы заголовков\Land</Filter>
    </ClInclude>
    <ClInclude Include="LandInterface.h">
      <Filter>Файлы заголовков\Land</Filter>
    </ClInclude>
    <ClInclude Include="CommonLand.h">
      <Filter>Файлы заголовков\Land</Filter>
    </ClInclude>
    <ClInclude Include="AttackBehavior.h">
      <Filter>Файлы заголовков\AttackBehavior</Filter>
    </ClInclude>
    <ClInclude Include="BikeAttack.h">
      <Filter>Файлы заголовков\AttackBehavior</Filter>
    </ClInclude>
    <ClInclude Include="AttackWithBat.h">
      <Filter>Файлы заголовков\AttackBehavior</Filter>
    </ClInclude>
    <ClInclude Include="CarAttack.h">
      <Filter>Файлы заголовков\AttackBehavior</Filter>
    </ClInclude>
    <ClInclude Include="BlowingUpAttackBehavior.h">
      <Filter>Файлы заголовков\AttackBehavior</Filter>
    </ClInclude>
    <ClInclude Include="GrenadeAttack.h">
      <Filter>Файлы заголовков\AttackBehavior</Filter>
    </ClInclude>
    <ClInclude Include="GunAttack.h">
      <Filter>Файлы заголовков\AttackBehavior</Filter>
    </ClInclude>
    <ClInclude Include="SwordAttack.h">
      <Filter>Файлы заголовков\AttackBehavior</Filter>
    </ClInclude>
    <ClInclude Include="StrongNearAttack.h">
      <Filter>Файлы заголовков\AttackBehavior</Filter>
    </ClInclude>
    <ClInclude Include="StinkyAttack.h">
      <Filter>Файлы заголовков\AttackBehavior</Filter>
    </ClInclude>
    <ClInclude Include="SpitToEnemyAttack.h">
      <Filter>Файлы заголовков\AttackBehavior</Filter>
    </ClInclude>
    <ClInclude Include="SpitToAreaAttack.h">
      <Filter>Файлы заголовков\AttackBehavior</Filter>
    </ClInclude>
    <ClInclude Include="RangeHuman.h">
      <Filter>Файлы заголовков\Units</Filter>
    </ClInclude>
    <ClInclude Include="ProxyLand.h">
      <Filter>Файлы заголовков\Land</Filter>
    </ClInclude>
    <ClInclude Include="UnitInterface.h">
      <Filter>Файлы заголовков\Units</Filter>
    </ClInclude>
    <ClInclude Include="Tower.h">
      <Filter>Файлы заголовков\Tower</Filter>
    </ClInclude>
    <ClInclude Include="BikeMove.h">
      <Filter>Файлы заголовков\MoveBehavior</Filter>
    </ClInclude>
    <ClInclude Include="CarMove.h">
      <Filter>Файлы заголовков\MoveBehavior</Filter>
    </ClInclude>
    <ClInclude Include="CommonHumanMove.h">
      <Filter>Файлы заголовков\MoveBehavior</Filter>
    </ClInclude>
    <ClInclude Include="CommonMove.h">
      <Filter>Файлы заголовков\MoveBehavior</Filter>
    </ClInclude>
    <ClInclude Include="FatZombyMoveBehavior.h">
      <Filter>Файлы заголовков\MoveBehavior</Filter>
    </ClInclude>
    <ClInclude Include="MoveBehavior.h">
      <Filter>Файлы заголовков\MoveBehavior</Filter>
    </ClInclude>
    <ClInclude Include="SmallMedicine.h">
      <Filter>Файлы заголовков\Neutral</Filter>
    </ClInclude>
    <ClInclude Include="SmallArmorObject.h">
      <Filter>Файлы заголовков\Neutral</Filter>
    </ClInclude>
    <ClInclude Include="NeutralObjectInterface.h">
      <Filter>Файлы заголовков\Neutral</Filter>
    </ClInclude>
    <ClInclude Include="NeutralObject.h">
      <Filter>Файлы заголовков\Neutral</Filter>
    </ClInclude>
    <ClInclude Include="LargeMedicine.h">
      <Filter>Файлы заголовков\Neutral</Filter>
    </ClInclude>
    <ClInclude Include="LargeArmorObject.h">
      <Filter>Файлы заголовков\Neutral</Filter>
    </ClInclude>
    <ClInclude Include="ArmorObject.h">
      <Filter>Файлы заголовков\Neutral</Filter>
    </ClInclude>
    <ClInclude Include="MedicineObject.h">
      <Filter>Файлы заголовков\Neutral</Filter>
    </ClInclude>
    <ClInclude Include="HeavyArmor.h">
      <Filter>Файлы заголовков\Armor</Filter>
    </ClInclude>
    <ClInclude Include="Pistol.h">
      <Filter>Файлы заголовков\Weapon</Filter>
    </ClInclude>
    <ClInclude Include="AffectBehavior.h">
      <Filter>Файлы заголовков\AffectBehavior</Filter>
    </ClInclude>
    <ClInclude Include="LargeArmorAffectBehavior.h">
      <Filter>Файлы заголовков\AffectBehavior</Filter>
    </ClInclude>
    <ClInclude Include="LargeMedicineAffectBehavior.h">
      <Filter>Файлы заголовков\AffectBehavior</Filter>
    </ClInclude>
    <ClInclude Include="SmallArmorAffectBehavior.h">
      <Filter>Файлы заголовков\AffectBehavior</Filter>
    </ClInclude>
    <ClInclude Include="SmallMedicineAffectBehavior.h">
      <Filter>Файлы заголовков\AffectBehavior</Filter>
    </ClInclude>
    <ClInclude Include="SmallMedicineBehavior.h">
      <Filter>Файлы заголовков\AffectBehavior</Filter>
    </ClInclude>
    <ClInclude Include="ObserverInterface.h">
      <Filter>Файлы заголовков\Observer</Filter>
    </ClInclude>
    <ClInclude Include="SubjectInterface.h">
      <Filter>Файлы заголовков\Observer</Filter>
    </ClInclude>
    <ClInclude Include="Facade.h">
      <Filter>Файлы заголовков\Control</Filter>
    </ClInclude>
    <ClInclude Include="Mediator.h">
      <Filter>Файлы заголовков\Control</Filter>
    </ClInclude>
    <ClInclude Include="Handler.h">
      <Filter>Файлы заголовков\Handlers</Filter>
    </ClInclude>
    <ClInclude Include="Request.h">
      <Filter>Файлы заголовков\Request</Filter>
    </ClInclude>
    <ClInclude Include="Kind.h">
      <Filter>Файлы заголовков\Units</Filter>
    </ClInclude>
    <ClInclude Include="UnitExistenceHandler.h">
      <Filter>Файлы заголовков\Handlers</Filter>
    </ClInclude>
    <ClInclude Include="freeCellForTowerHandler.h">
      <Filter>Файлы заголовков\Handlers</Filter>
    </ClInclude>
    <ClInclude Include="TowerExistenceHandler.h">
      <Filter>Файлы заголовков\Handlers</Filter>
    </ClInclude>
    <ClInclude Include="TowerPosibilityHandler.h">
      <Filter>Файлы заголовков\Handlers</Filter>
    </ClInclude>
    <ClInclude Include="FreeCellForUnitHandler.h">
      <Filter>Файлы заголовков\Handlers</Filter>
    </ClInclude>
    <ClInclude Include="FinalAttackHandler.h">
      <Filter>Файлы заголовков\Handlers</Filter>
    </ClInclude>
    <ClInclude Include="FinalCreateUnitHandler.h">
      <Filter>Файлы заголовков\Handlers</Filter>
    </ClInclude>
    <ClInclude Include="FinalMoveHandler.h">
      <Filter>Файлы заголовков\Handlers</Filter>
    </ClInclude>
    <ClInclude Include="FinalSetTowerHandler.h">
      <Filter>Файлы заголовков\Handlers</Filter>
    </ClInclude>
    <ClInclude Include="BlowingUpHead.h">
      <Filter>Файлы заголовков\Weapon</Filter>
    </ClInclude>
    <ClInclude Include="Command.h">
      <Filter>Файлы заголовков\Commands</Filter>
    </ClInclude>
    <ClInclude Include="MoveCommand.h">
      <Filter>Файлы заголовков\Commands</Filter>
    </ClInclude>
    <ClInclude Include="AttackCommand.h">
      <Filter>Файлы заголовков\Commands</Filter>
    </ClInclude>
    <ClInclude Include="CreateUnitCommand.h">
      <Filter>Файлы заголовков\Commands</Filter>
    </ClInclude>
    <ClInclude Include="SetTowerCommand.h">
      <Filter>Файлы заголовков\Commands</Filter>
    </ClInclude>
    <ClInclude Include="Loger.h">
      <Filter>Файлы заголовков\Loger</Filter>
    </ClInclude>
    <ClInclude Include="Message.h">
      <Filter>Файлы заголовков\Messages</Filter>
    </ClInclude>
    <ClInclude Include="LogInterface.h">
      <Filter>Файлы заголовков\Loger</Filter>
    </ClInclude>
    <ClInclude Include="LogerProxy.h">
      <Filter>Файлы заголовков\Loger</Filter>
    </ClInclude>
    <ClInclude Include="ConsoleLoger.h">
      <Filter>Файлы заголовков\Loger</Filter>
    </ClInclude>
    <ClInclude Include="FileLoger.h">
      <Filter>Файлы заголовков\Loger</Filter>
    </ClInclude>
    <ClInclude Include="UserMoveMessage.h">
      <Filter>Файлы заголовков\Messages</Filter>
    </ClInclude>
    <ClInclude Include="LogerAdapter.h">
      <Filter>Файлы заголовков\Loger</Filter>
    </ClInclude>
    <ClInclude Include="UserAttackMessage.h">
      <Filter>Файлы заголовков\Messages</Filter>
    </ClInclude>
    <ClInclude Include="UserCreateUnitMessage.h">
      <Filter>Файлы заголовков\Messages</Filter>
    </ClInclude>
    <ClInclude Include="UserSetTowerMessage.h">
      <Filter>Файлы заголовков\Messages</Filter>
    </ClInclude>
    <ClInclude Include="EndStepMessage.h">
      <Filter>Файлы заголовков\Messages</Filter>
    </ClInclude>
    <ClInclude Include="HandlerNotExistMessage.h">
      <Filter>Файлы заголовков\Messages</Filter>
    </ClInclude>
    <ClInclude Include="Point.h">
      <Filter>Файлы заголовков</Filter>
    </ClInclude>
    <ClInclude Include="HandlerTowerNotExistMessage.h">
      <Filter>Файлы заголовков\Messages</Filter>
    </ClInclude>
    <ClInclude Include="HandlerEngagedCellMessage.h">
      <Filter>Файлы заголовков\Messages</Filter>
    </ClInclude>
    <ClInclude Include="HandlerTowerPossibilityMessage.h">
      <Filter>Файлы заголовков\Messages</Filter>
    </ClInclude>
    <ClInclude Include="UnitCreateMessage.h">
      <Filter>Файлы заголовков\Messages</Filter>
    </ClInclude>
    <ClInclude Include="TowerCreateMessage.h">
      <Filter>Файлы заголовков\Messages</Filter>
    </ClInclude>
    <ClInclude Include="UnitMoveMessage.h">
      <Filter>Файлы заголовков\Messages</Filter>
    </ClInclude>
    <ClInclude Include="UnitAttackMessage.h">
      <Filter>Файлы заголовков\Messages</Filter>
    </ClInclude>
    <ClInclude Include="UnitGetDamageMessage.h">
      <Filter>Файлы заголовков\Messages</Filter>
    </ClInclude>
    <ClInclude Include="UnitDeathMessage.h">
      <Filter>Файлы заголовков\Messages</Filter>
    </ClInclude>
    <ClInclude Include="TowerDeathMessage.h">
      <Filter>Файлы заголовков\Messages</Filter>
    </ClInclude>
    <ClInclude Include="TowerDamageMessage.h">
      <Filter>Файлы заголовков\Messages</Filter>
    </ClInclude>
    <ClInclude Include="UnitStatusMessage.h">
      <Filter>Файлы заголовков\Messages</Filter>
    </ClInclude>
    <ClInclude Include="TowerStatusMessage.h">
      <Filter>Файлы заголовков\Messages</Filter>
    </ClInclude>
    <ClInclude Include="UnitType.h">
      <Filter>Файлы заголовков\Units</Filter>
    </ClInclude>
    <ClInclude Include="ObjectType.h">
      <Filter>Файлы заголовков\Neutral</Filter>
    </ClInclude>
    <ClInclude Include="UnitSnapshot.h">
      <Filter>Файлы заголовков\Save</Filter>
    </ClInclude>
    <ClInclude Include="TowerSnapshot.h">
      <Filter>Файлы заголовков\Save</Filter>
    </ClInclude>
    <ClInclude Include="ObjectSnapshot.h">
      <Filter>Файлы заголовков\Save</Filter>
    </ClInclude>
    <ClInclude Include="Saver.h">
      <Filter>Файлы заголовков\Save</Filter>
    </ClInclude>
    <ClInclude Include="LandType.h">
      <Filter>Файлы заголовков\Land</Filter>
    </ClInclude>
    <ClInclude Include="Loader.h">
      <Filter>Файлы заголовков\Save</Filter>
    </ClInclude>
  </ItemGroup>
  <ItemGroup>
    <ResourceCompile Include="OOP.rc">
      <Filter>Файлы ресурсов</Filter>
    </ResourceCompile>
  </ItemGroup>
</Project>